
Microsoft Visual Studio Solution File, Format Version 12.00
# Visual Studio Version 16
VisualStudioVersion = 16.0.30330.147
MinimumVisualStudioVersion = 10.0.40219.1
Project("{8BC9CEB8-8B4A-11D0-8D11-00A0C91BC942}") = "Project01", "Project01\Project01.vcxproj", "{FEDF7891-9C5C-4F52-ABE3-E8A841E1946B}"
EndProject
Global
	GlobalSection(SolutionConfigurationPlatforms) = preSolution
		Debug|x64 = Debug|x64
		Debug|x86 = Debug|x86
		Release|x64 = Release|x64
		Release|x86 = Release|x86
	EndGlobalSection
	GlobalSection(ProjectConfigurationPlatforms) = postSolution
		{FEDF7891-9C5C-4F52-ABE3-E8A841E1946B}.Debug|x64.ActiveCfg = Debug|x64
		{FEDF7891-9C5C-4F52-ABE3-E8A841E1946B}.Debug|x64.Build.0 = Debug|x64
		{FEDF7891-9C5C-4F52-ABE3-E8A841E1946B}.Debug|x86.ActiveCfg = Debug|Win32
		{FEDF7891-9C5C-4F52-ABE3-E8A841E1946B}.Debug|x86.Build.0 = Debug|Win32
		{FEDF7891-9C5C-4F52-ABE3-E8A841E1946B}.Release|x64.ActiveCfg = Release|x64
		{FEDF7891-9C5C-4F52-ABE3-E8A841E1946B}.Release|x64.Build.0 = Release|x64
		{FEDF7891-9C5C-4F52-ABE3-E8A841E1946B}.Release|x86.ActiveCfg = Release|Win32
		{FEDF7891-9C5C-4F52-ABE3-E8A841E1946B}.Release|x86.Build.0 = Release|Win32
	EndGlobalSection
	GlobalSection(SolutionProperties) = preSolution
		HideSolutionNode = FALSE
	EndGlobalSection
	GlobalSection(ExtensibilityGlobals) = postSolution
		SolutionGuid = {E06D1E2E-E2FC-4055-A6DB-7751E6AD6ED6}
	EndGlobalSection
EndGlobal
